
Microsoft Visual Studio Solution File, Format Version 12.00
# Visual Studio Version 16
VisualStudioVersion = 16.0.30011.22
MinimumVisualStudioVersion = 10.0.40219.1
Project("{FAE04EC0-301F-11D3-BF4B-00C04F79EFBC}") = "DbBackup.Client", "DbBackup.NetFramework\DbBackup.Client.csproj", "{4FB71580-3026-4F88-8DEB-0557849CAD59}"
EndProject
Project("{FAE04EC0-301F-11D3-BF4B-00C04F79EFBC}") = "DbBackup.Shared", "DbBackup.Shared\DbBackup.Shared.csproj", "{665A6ED4-1E22-4DE2-98C8-13C71B1FEB76}"
EndProject
Project("{FAE04EC0-301F-11D3-BF4B-00C04F79EFBC}") = "DbBackup.Zipper", "DbBackup.Zipper\DbBackup.Zipper.csproj", "{71CBA92E-DA5C-42CD-AA06-01E4508CBB21}"
EndProject
Project("{FAE04EC0-301F-11D3-BF4B-00C04F79EFBC}") = "DbBackup.AzurePush", "DbBackup.AzurePush\DbBackup.AzurePush.csproj", "{64478AB9-236B-4035-99C9-1E67F6EBF71A}"
EndProject
Global
	GlobalSection(SolutionConfigurationPlatforms) = preSolution
		Debug|Any CPU = Debug|Any CPU
		Release|Any CPU = Release|Any CPU
	EndGlobalSection
	GlobalSection(ProjectConfigurationPlatforms) = postSolution
		{4FB71580-3026-4F88-8DEB-0557849CAD59}.Debug|Any CPU.ActiveCfg = Debug|Any CPU
		{4FB71580-3026-4F88-8DEB-0557849CAD59}.Debug|Any CPU.Build.0 = Debug|Any CPU
		{4FB71580-3026-4F88-8DEB-0557849CAD59}.Release|Any CPU.ActiveCfg = Release|Any CPU
		{4FB71580-3026-4F88-8DEB-0557849CAD59}.Release|Any CPU.Build.0 = Release|Any CPU
		{665A6ED4-1E22-4DE2-98C8-13C71B1FEB76}.Debug|Any CPU.ActiveCfg = Debug|Any CPU
		{665A6ED4-1E22-4DE2-98C8-13C71B1FEB76}.Debug|Any CPU.Build.0 = Debug|Any CPU
		{665A6ED4-1E22-4DE2-98C8-13C71B1FEB76}.Release|Any CPU.ActiveCfg = Release|Any CPU
		{665A6ED4-1E22-4DE2-98C8-13C71B1FEB76}.Release|Any CPU.Build.0 = Release|Any CPU
		{71CBA92E-DA5C-42CD-AA06-01E4508CBB21}.Debug|Any CPU.ActiveCfg = Debug|Any CPU
		{71CBA92E-DA5C-42CD-AA06-01E4508CBB21}.Debug|Any CPU.Build.0 = Debug|Any CPU
		{71CBA92E-DA5C-42CD-AA06-01E4508CBB21}.Release|Any CPU.ActiveCfg = Release|Any CPU
		{71CBA92E-DA5C-42CD-AA06-01E4508CBB21}.Release|Any CPU.Build.0 = Release|Any CPU
		{64478AB9-236B-4035-99C9-1E67F6EBF71A}.Debug|Any CPU.ActiveCfg = Debug|Any CPU
		{64478AB9-236B-4035-99C9-1E67F6EBF71A}.Debug|Any CPU.Build.0 = Debug|Any CPU
		{64478AB9-236B-4035-99C9-1E67F6EBF71A}.Release|Any CPU.ActiveCfg = Release|Any CPU
		{64478AB9-236B-4035-99C9-1E67F6EBF71A}.Release|Any CPU.Build.0 = Release|Any CPU
	EndGlobalSection
	GlobalSection(SolutionProperties) = preSolution
		HideSolutionNode = FALSE
	EndGlobalSection
	GlobalSection(ExtensibilityGlobals) = postSolution
		SolutionGuid = {96E4E789-4170-4099-88B2-38DB793E4895}
	EndGlobalSection
EndGlobal
